
Microsoft Visual Studio Solution File, Format Version 12.00
# Visual Studio Version 16
VisualStudioVersion = 16.0.28917.181
MinimumVisualStudioVersion = 10.0.40219.1
Project("{FAE04EC0-301F-11D3-BF4B-00C04F79EFBC}") = "FerreteriaSystem", "FerreteriaSystem\FerreteriaSystem.csproj", "{56A28977-AB05-462B-AFAD-5E7BA9E6578D}"
EndProject
Global
	GlobalSection(SolutionConfigurationPlatforms) = preSolution
		Debug|Any CPU = Debug|Any CPU
		Release|Any CPU = Release|Any CPU
	EndGlobalSection
	GlobalSection(ProjectConfigurationPlatforms) = postSolution
		{56A28977-AB05-462B-AFAD-5E7BA9E6578D}.Debug|Any CPU.ActiveCfg = Debug|Any CPU
		{56A28977-AB05-462B-AFAD-5E7BA9E6578D}.Debug|Any CPU.Build.0 = Debug|Any CPU
		{56A28977-AB05-462B-AFAD-5E7BA9E6578D}.Release|Any CPU.ActiveCfg = Release|Any CPU
		{56A28977-AB05-462B-AFAD-5E7BA9E6578D}.Release|Any CPU.Build.0 = Release|Any CPU
	EndGlobalSection
	GlobalSection(SolutionProperties) = preSolution
		HideSolutionNode = FALSE
	EndGlobalSection
	GlobalSection(ExtensibilityGlobals) = postSolution
		SolutionGuid = {E412F2D3-49A8-4741-98A2-DECAF5ABDAE1}
	EndGlobalSection
EndGlobal
